// !$*UTF8*$!
{
	archiveVersion = 1;
	classes = {
	};
	objectVersion = 55;
	objects = {

/* Begin PBXBuildFile section */
		FC951A8427BBB45100938266 /* CustomTableViewCell.swift in Sources */ = {isa = PBXBuildFile; fileRef = FC951A8227BBB45100938266 /* CustomTableViewCell.swift */; };
		FC951A8527BBB45100938266 /* CustomTableViewCell.xib in Resources */ = {isa = PBXBuildFile; fileRef = FC951A8327BBB45100938266 /* CustomTableViewCell.xib */; };
		FCA07F7C27B438AC00A9E192 /* AppDelegate.swift in Sources */ = {isa = PBXBuildFile; fileRef = FCA07F7B27B438AC00A9E192 /* AppDelegate.swift */; };
		FCA07F7E27B438AC00A9E192 /* SceneDelegate.swift in Sources */ = {isa = PBXBuildFile; fileRef = FCA07F7D27B438AC00A9E192 /* SceneDelegate.swift */; };
		FCA07F8027B438AC00A9E192 /* ViewController.swift in Sources */ = {isa = PBXBuildFile; fileRef = FCA07F7F27B438AC00A9E192 /* ViewController.swift */; };
		FCA07F8327B438AC00A9E192 /* Main.storyboard in Resources */ = {isa = PBXBuildFile; fileRef = FCA07F8127B438AC00A9E192 /* Main.storyboard */; };
		FCA07F8527B438B100A9E192 /* Assets.xcassets in Resources */ = {isa = PBXBuildFile; fileRef = FCA07F8427B438B100A9E192 /* Assets.xcassets */; };
		FCA07F8827B438B100A9E192 /* LaunchScreen.storyboard in Resources */ = {isa = PBXBuildFile; fileRef = FCA07F8627B438B100A9E192 /* LaunchScreen.storyboard */; };
		FCA07F9827B43E1400A9E192 /* LabelData.swift in Sources */ = {isa = PBXBuildFile; fileRef = FCA07F9727B43E1400A9E192 /* LabelData.swift */; };
/* End PBXBuildFile section */

/* Begin PBXFileReference section */
		FC951A8227BBB45100938266 /* CustomTableViewCell.swift */ = {isa = PBXFileReference; lastKnownFileType = sourcecode.swift; path = CustomTableViewCell.swift; sourceTree = "<group>"; };
		FC951A8327BBB45100938266 /* CustomTableViewCell.xib */ = {isa = PBXFileReference; lastKnownFileType = file.xib; path = CustomTableViewCell.xib; sourceTree = "<group>"; };
		FCA07F7827B438AC00A9E192 /* MI-Xib_cell.app */ = {isa = PBXFileReference; explicitFileType = wrapper.application; includeInIndex = 0; path = "MI-Xib_cell.app"; sourceTree = BUILT_PRODUCTS_DIR; };
		FCA07F7B27B438AC00A9E192 /* AppDelegate.swift */ = {isa = PBXFileReference; lastKnownFileType = sourcecode.swift; path = AppDelegate.swift; sourceTree = "<group>"; };
		FCA07F7D27B438AC00A9E192 /* SceneDelegate.swift */ = {isa = PBXFileReference; lastKnownFileType = sourcecode.swift; path = SceneDelegate.swift; sourceTree = "<group>"; };
		FCA07F7F27B438AC00A9E192 /* ViewController.swift */ = {isa = PBXFileReference; lastKnownFileType = sourcecode.swift; path = ViewController.swift; sourceTree = "<group>"; };
		FCA07F8227B438AC00A9E192 /* Base */ = {isa = PBXFileReference; lastKnownFileType = file.storyboard; name = Base; path = Base.lproj/Main.storyboard; sourceTree = "<group>"; };
		FCA07F8427B438B100A9E192 /* Assets.xcassets */ = {isa = PBXFileReference; lastKnownFileType = folder.assetcatalog; path = Assets.xcassets; sourceTree = "<group>"; };
		FCA07F8727B438B100A9E192 /* Base */ = {isa = PBXFileReference; lastKnownFileType = file.storyboard; name = Base; path = Base.lproj/LaunchScreen.storyboard; sourceTree = "<group>"; };
		FCA07F8927B438B100A9E192 /* Info.plist */ = {isa = PBXFileReference; lastKnownFileType = text.plist.xml; path = Info.plist; sourceTree = "<group>"; };
		FCA07F9727B43E1400A9E192 /* LabelData.swift */ = {isa = PBXFileReference; lastKnownFileType = sourcecode.swift; path = LabelData.swift; sourceTree = "<group>"; };
/* End PBXFileReference section */

/* Begin PBXFrameworksBuildPhase section */
		FCA07F7527B438AC00A9E192 /* Frameworks */ = {
			isa = PBXFrameworksBuildPhase;
			buildActionMask = 2147483647;
			files = (
			);
			runOnlyForDeploymentPostprocessing = 0;
		};
/* End PBXFrameworksBuildPhase section */

/* Begin PBXGroup section */
		FCA07F6F27B438AC00A9E192 = {
			isa = PBXGroup;
			children = (
				FCA07F7A27B438AC00A9E192 /* MI-Xib_cell */,
				FCA07F7927B438AC00A9E192 /* Products */,
			);
			sourceTree = "<group>";
		};
		FCA07F7927B438AC00A9E192 /* Products */ = {
			isa = PBXGroup;
			children = (
				FCA07F7827B438AC00A9E192 /* MI-Xib_cell.app */,
			);
			name = Products;
			sourceTree = "<group>";
		};
		FCA07F7A27B438AC00A9E192 /* MI-Xib_cell */ = {
			isa = PBXGroup;
			children = (
				FCA07F7B27B438AC00A9E192 /* AppDelegate.swift */,
				FCA07F7D27B438AC00A9E192 /* SceneDelegate.swift */,
				FCA07F9927B43E1E00A9E192 /* Model */,
				FCA07F9427B4393300A9E192 /* Views */,
				FCA07F8F27B438E100A9E192 /* Controllers */,
				FCA07F8127B438AC00A9E192 /* Main.storyboard */,
				FCA07F8427B438B100A9E192 /* Assets.xcassets */,
				FCA07F8627B438B100A9E192 /* LaunchScreen.storyboard */,
				FCA07F8927B438B100A9E192 /* Info.plist */,
			);
			path = "MI-Xib_cell";
			sourceTree = "<group>";
		};
		FCA07F8F27B438E100A9E192 /* Controllers */ = {
			isa = PBXGroup;
			children = (
				FCA07F7F27B438AC00A9E192 /* ViewController.swift */,
			);
			path = Controllers;
			sourceTree = "<group>";
		};
		FCA07F9427B4393300A9E192 /* Views */ = {
			isa = PBXGroup;
			children = (
				FC951A8227BBB45100938266 /* CustomTableViewCell.swift */,
				FC951A8327BBB45100938266 /* CustomTableViewCell.xib */,
			);
			path = Views;
			sourceTree = "<group>";
		};
		FCA07F9927B43E1E00A9E192 /* Model */ = {
			isa = PBXGroup;
			children = (
				FCA07F9727B43E1400A9E192 /* LabelData.swift */,
			);
			path = Model;
			sourceTree = "<group>";
		};
/* End PBXGroup section */

/* Begin PBXNativeTarget section */
		FCA07F7727B438AC00A9E192 /* MI-Xib_cell */ = {
			isa = PBXNativeTarget;
			buildConfigurationList = FCA07F8C27B438B100A9E192 /* Build configuration list for PBXNativeTarget "MI-Xib_cell" */;
			buildPhases = (
				FCA07F7427B438AC00A9E192 /* Sources */,
				FCA07F7527B438AC00A9E192 /* Frameworks */,
				FCA07F7627B438AC00A9E192 /* Resources */,
			);
			buildRules = (
			);
			dependencies = (
			);
			name = "MI-Xib_cell";
			productName = "MI-Xib_cell";
			productReference = FCA07F7827B438AC00A9E192 /* MI-Xib_cell.app */;
			productType = "com.apple.product-type.application";
		};
/* End PBXNativeTarget section */

/* Begin PBXProject section */
		FCA07F7027B438AC00A9E192 /* Project object */ = {
			isa = PBXProject;
			attributes = {
				BuildIndependentTargetsInParallel = 1;
				LastSwiftUpdateCheck = 1320;
				LastUpgradeCheck = 1320;
				TargetAttributes = {
					FCA07F7727B438AC00A9E192 = {
						CreatedOnToolsVersion = 13.2.1;
					};
				};
			};
			buildConfigurationList = FCA07F7327B438AC00A9E192 /* Build configuration list for PBXProject "MI-Xib_cell" */;
			compatibilityVersion = "Xcode 13.0";
			developmentRegion = en;
			hasScannedForEncodings = 0;
			knownRegions = (
				en,
				Base,
			);
			mainGroup = FCA07F6F27B438AC00A9E192;
			productRefGroup = FCA07F7927B438AC00A9E192 /* Products */;
			projectDirPath = "";
			projectRoot = "";
			targets = (
				FCA07F7727B438AC00A9E192 /* MI-Xib_cell */,
			);
		};
/* End PBXProject section */

/* Begin PBXResourcesBuildPhase section */
		FCA07F7627B438AC00A9E192 /* Resources */ = {
			isa = PBXResourcesBuildPhase;
			buildActionMask = 2147483647;
			files = (
				FCA07F8827B438B100A9E192 /* LaunchScreen.storyboard in Resources */,
				FCA07F8527B438B100A9E192 /* Assets.xcassets in Resources */,
				FC951A8527BBB45100938266 /* CustomTableViewCell.xib in Resources */,
				FCA07F8327B438AC00A9E192 /* Main.storyboard in Resources */,
			);
			runOnlyForDeploymentPostprocessing = 0;
		};
/* End PBXResourcesBuildPhase section */

/* Begin PBXSourcesBuildPhase section */
		FCA07F7427B438AC00A9E192 /* Sources */ = {
			isa = PBXSourcesBuildPhase;
			buildActionMask = 2147483647;
			files = (
				FC951A8427BBB45100938266 /* CustomTableViewCell.swift in Sources */,
				FCA07F8027B438AC00A9E192 /* ViewController.swift in Sources */,
				FCA07F9827B43E1400A9E192 /* LabelData.swift in Sources */,
				FCA07F7C27B438AC00A9E192 /* AppDelegate.swift in Sources */,
				FCA07F7E27B438AC00A9E192 /* SceneDelegate.swift in Sources */,
			);
			runOnlyForDeploymentPostprocessing = 0;
		};
/* End PBXSourcesBuildPhase section */

/* Begin PBXVariantGroup section */
		FCA07F8127B438AC00A9E192 /* Main.storyboard */ = {
			isa = PBXVariantGroup;
			children = (
				FCA07F8227B438AC00A9E192 /* Base */,
			);
			name = Main.storyboard;
			sourceTree = "<group>";
		};
		FCA07F8627B438B100A9E192 /* LaunchScreen.storyboard */ = {
			isa = PBXVariantGroup;
			children = (
				FCA07F8727B438B100A9E192 /* Base */,
			);
			name = LaunchScreen.storyboard;
			sourceTree = "<group>";
		};
/* End PBXVariantGroup section */

/* Begin XCBuildConfiguration section */
		FCA07F8A27B438B100A9E192 /* Debug */ = {
			isa = XCBuildConfiguration;
			buildSettings = {
				ALWAYS_SEARCH_USER_PATHS = NO;
				CLANG_ANALYZER_NONNULL = YES;
				CLANG_ANALYZER_NUMBER_OBJECT_CONVERSION = YES_AGGRESSIVE;
				CLANG_CXX_LANGUAGE_STANDARD = "gnu++17";
				CLANG_CXX_LIBRARY = "libc++";
				CLANG_ENABLE_MODULES = YES;
				CLANG_ENABLE_OBJC_ARC = YES;
				CLANG_ENABLE_OBJC_WEAK = YES;
				CLANG_WARN_BLOCK_CAPTURE_AUTORELEASING = YES;
				CLANG_WARN_BOOL_CONVERSION = YES;
				CLANG_WARN_COMMA = YES;
				CLANG_WARN_CONSTANT_CONVERSION = YES;
				CLANG_WARN_DEPRECATED_OBJC_IMPLEMENTATIONS = YES;
				CLANG_WARN_DIRECT_OBJC_ISA_USAGE = YES_ERROR;
				CLANG_WARN_DOCUMENTATION_COMMENTS = YES;
				CLANG_WARN_EMPTY_BODY = YES;
				CLANG_WARN_ENUM_CONVERSION = YES;
				CLANG_WARN_INFINITE_RECURSION = YES;
				CLANG_WARN_INT_CONVERSION = YES;
				CLANG_WARN_NON_LITERAL_NULL_CONVERSION = YES;
				CLANG_WARN_OBJC_IMPLICIT_RETAIN_SELF = YES;
				CLANG_WARN_OBJC_LITERAL_CONVERSION = YES;
				CLANG_WARN_OBJC_ROOT_CLASS = YES_ERROR;
				CLANG_WARN_QUOTED_INCLUDE_IN_FRAMEWORK_HEADER = YES;
				CLANG_WARN_RANGE_LOOP_ANALYSIS = YES;
				CLANG_WARN_STRICT_PROTOTYPES = YES;
				CLANG_WARN_SUSPICIOUS_MOVE = YES;
				CLANG_WARN_UNGUARDED_AVAILABILITY = YES_AGGRESSIVE;
				CLANG_WARN_UNREACHABLE_CODE = YES;
				CLANG_WARN__DUPLICATE_METHOD_MATCH = YES;
				COPY_PHASE_STRIP = NO;
				DEBUG_INFORMATION_FORMAT = dwarf;
				ENABLE_STRICT_OBJC_MSGSEND = YES;
				ENABLE_TESTABILITY = YES;
				GCC_C_LANGUAGE_STANDARD = gnu11;
				GCC_DYNAMIC_NO_PIC = NO;
				GCC_NO_COMMON_BLOCKS = YES;
				GCC_OPTIMIZATION_LEVEL = 0;
				GCC_PREPROCESSOR_DEFINITIONS = (
					"DEBUG=1",
					"$(inherited)",
				);
				GCC_WARN_64_TO_32_BIT_CONVERSION = YES;
				GCC_WARN_ABOUT_RETURN_TYPE = YES_ERROR;
				GCC_WARN_UNDECLARED_SELECTOR = YES;
				GCC_WARN_UNINITIALIZED_AUTOS = YES_AGGRESSIVE;
				GCC_WARN_UNUSED_FUNCTION = YES;
				GCC_WARN_UNUSED_VARIABLE = YES;
				IPHONEOS_DEPLOYMENT_TARGET = 15.2;
				MTL_ENABLE_DEBUG_INFO = INCLUDE_SOURCE;
				MTL_FAST_MATH = YES;
				ONLY_ACTIVE_ARCH = YES;
				SDKROOT = iphoneos;
				SWIFT_ACTIVE_COMPILATION_CONDITIONS = DEBUG;
				SWIFT_OPTIMIZATION_LEVEL = "-Onone";
			};
			name = Debug;
		};
		FCA07F8B27B438B100A9E192 /* Release */ = {
			isa = XCBuildConfiguration;
			buildSettings = {
				ALWAYS_SEARCH_USER_PATHS = NO;
				CLANG_ANALYZER_NONNULL = YES;
				CLANG_ANALYZER_NUMBER_OBJECT_CONVERSION = YES_AGGRESSIVE;
				CLANG_CXX_LANGUAGE_STANDARD = "gnu++17";
				CLANG_CXX_LIBRARY = "libc++";
				CLANG_ENABLE_MODULES = YES;
				CLANG_ENABLE_OBJC_ARC = YES;
				CLANG_ENABLE_OBJC_WEAK = YES;
				CLANG_WARN_BLOCK_CAPTURE_AUTORELEASING = YES;
				CLANG_WARN_BOOL_CONVERSION = YES;
				CLANG_WARN_COMMA = YES;
				CLANG_WARN_CONSTANT_CONVERSION = YES;
				CLANG_WARN_DEPRECATED_OBJC_IMPLEMENTATIONS = YES;
				CLANG_WARN_DIRECT_OBJC_ISA_USAGE = YES_ERROR;
				CLANG_WARN_DOCUMENTATION_COMMENTS = YES;
				CLANG_WARN_EMPTY_BODY = YES;
				CLANG_WARN_ENUM_CONVERSION = YES;
				CLANG_WARN_INFINITE_RECURSION = YES;
				CLANG_WARN_INT_CONVERSION = YES;
				CLANG_WARN_NON_LITERAL_NULL_CONVERSION = YES;
				CLANG_WARN_OBJC_IMPLICIT_RETAIN_SELF = YES;
				CLANG_WARN_OBJC_LITERAL_CONVERSION = YES;
				CLANG_WARN_OBJC_ROOT_CLASS = YES_ERROR;
				CLANG_WARN_QUOTED_INCLUDE_IN_FRAMEWORK_HEADER = YES;
				CLANG_WARN_RANGE_LOOP_ANALYSIS = YES;
				CLANG_WARN_STRICT_PROTOTYPES = YES;
				CLANG_WARN_SUSPICIOUS_MOVE = YES;
				CLANG_WARN_UNGUARDED_AVAILABILITY = YES_AGGRESSIVE;
				CLANG_WARN_UNREACHABLE_CODE = YES;
				CLANG_WARN__DUPLICATE_METHOD_MATCH = YES;
				COPY_PHASE_STRIP = NO;
				DEBUG_INFORMATION_FORMAT = "dwarf-with-dsym";
				ENABLE_NS_ASSERTIONS = NO;
				ENABLE_STRICT_OBJC_MSGSEND = YES;
				GCC_C_LANGUAGE_STANDARD = gnu11;
				GCC_NO_COMMON_BLOCKS = YES;
				GCC_WARN_64_TO_32_BIT_CONVERSION = YES;
				GCC_WARN_ABOUT_RETURN_TYPE = YES_ERROR;
				GCC_WARN_UNDECLARED_SELECTOR = YES;
				GCC_WARN_UNINITIALIZED_AUTOS = YES_AGGRESSIVE;
				GCC_WARN_UNUSED_FUNCTION = YES;
				GCC_WARN_UNUSED_VARIABLE = YES;
				IPHONEOS_DEPLOYMENT_TARGET = 15.2;
				MTL_ENABLE_DEBUG_INFO = NO;
				MTL_FAST_MATH = YES;
				SDKROOT = iphoneos;
				SWIFT_COMPILATION_MODE = wholemodule;
				SWIFT_OPTIMIZATION_LEVEL = "-O";
				VALIDATE_PRODUCT = YES;
			};
			name = Release;
		};
		FCA07F8D27B438B100A9E192 /* Debug */ = {
			isa = XCBuildConfiguration;
			buildSettings = {
				ASSETCATALOG_COMPILER_APPICON_NAME = AppIcon;
				ASSETCATALOG_COMPILER_GLOBAL_ACCENT_COLOR_NAME = AccentColor;
				CODE_SIGN_STYLE = Automatic;
				CURRENT_PROJECT_VERSION = 1;
				GENERATE_INFOPLIST_FILE = YES;
				INFOPLIST_FILE = "MI-Xib_cell/Info.plist";
				INFOPLIST_KEY_UIApplicationSupportsIndirectInputEvents = YES;
				INFOPLIST_KEY_UILaunchStoryboardName = LaunchScreen;
				INFOPLIST_KEY_UIMainStoryboardFile = Main;
				INFOPLIST_KEY_UISupportedInterfaceOrientations_iPad = "UIInterfaceOrientationPortrait UIInterfaceOrientationPortraitUpsideDown UIInterfaceOrientationLandscapeLeft UIInterfaceOrientationLandscapeRight";
				INFOPLIST_KEY_UISupportedInterfaceOrientations_iPhone = "UIInterfaceOrientationPortrait UIInterfaceOrientationLandscapeLeft UIInterfaceOrientationLandscapeRight";
				LD_RUNPATH_SEARCH_PATHS = (
					"$(inherited)",
					"@executable_path/Frameworks",
				);
				MARKETING_VERSION = 1.0;
				PRODUCT_BUNDLE_IDENTIFIER = "Intership.MI-Xib-cell";
				PRODUCT_NAME = "$(TARGET_NAME)";
				SWIFT_EMIT_LOC_STRINGS = YES;
				SWIFT_VERSION = 5.0;
				TARGETED_DEVICE_FAMILY = "1,2";
			};
			name = Debug;
		};
		FCA07F8E27B438B100A9E192 /* Release */ = {
			isa = XCBuildConfiguration;
			buildSettings = {
				ASSETCATALOG_COMPILER_APPICON_NAME = AppIcon;
				ASSETCATALOG_COMPILER_GLOBAL_ACCENT_COLOR_NAME = AccentColor;
				CODE_SIGN_STYLE = Automatic;
				CURRENT_PROJECT_VERSION = 1;
				GENERATE_INFOPLIST_FILE = YES;
				INFOPLIST_FILE = "MI-Xib_cell/Info.plist";
				INFOPLIST_KEY_UIApplicationSupportsIndirectInputEvents = YES;
				INFOPLIST_KEY_UILaunchStoryboardName = LaunchScreen;
				INFOPLIST_KEY_UIMainStoryboardFile = Main;
				INFOPLIST_KEY_UISupportedInterfaceOrientations_iPad = "UIInterfaceOrientationPortrait UIInterfaceOrientationPortraitUpsideDown UIInterfaceOrientationLandscapeLeft UIInterfaceOrientationLandscapeRight";
				INFOPLIST_KEY_UISupportedInterfaceOrientations_iPhone = "UIInterfaceOrientationPortrait UIInterfaceOrientationLandscapeLeft UIInterfaceOrientationLandscapeRight";
				LD_RUNPATH_SEARCH_PATHS = (
					"$(inherited)",
					"@executable_path/Frameworks",
				);
				MARKETING_VERSION = 1.0;
				PRODUCT_BUNDLE_IDENTIFIER = "Intership.MI-Xib-cell";
				PRODUCT_NAME = "$(TARGET_NAME)";
				SWIFT_EMIT_LOC_STRINGS = YES;
				SWIFT_VERSION = 5.0;
				TARGETED_DEVICE_FAMILY = "1,2";
			};
			name = Release;
		};
/* End XCBuildConfiguration section */

/* Begin XCConfigurationList section */
		FCA07F7327B438AC00A9E192 /* Build configuration list for PBXProject "MI-Xib_cell" */ = {
			isa = XCConfigurationList;
			buildConfigurations = (
				FCA07F8A27B438B100A9E192 /* Debug */,
				FCA07F8B27B438B100A9E192 /* Release */,
			);
			defaultConfigurationIsVisible = 0;
			defaultConfigurationName = Release;
		};
		FCA07F8C27B438B100A9E192 /* Build configuration list for PBXNativeTarget "MI-Xib_cell" */ = {
			isa = XCConfigurationList;
			buildConfigurations = (
				FCA07F8D27B438B100A9E192 /* Debug */,
				FCA07F8E27B438B100A9E192 /* Release */,
			);
			defaultConfigurationIsVisible = 0;
			defaultConfigurationName = Release;
		};
/* End XCConfigurationList section */
	};
	rootObject = FCA07F7027B438AC00A9E192 /* Project object */;
}
